
Microsoft Visual Studio Solution File, Format Version 11.00
# Visual Studio 2010
# SharpDevelop 5.1
Project("{FAE04EC0-301F-11D3-BF4B-00C04F79EFBC}") = "room_sched_system", "room_sched_system\room_sched_system.csproj", "{03A8BF85-5D85-4327-B2B7-7404124E67A0}"
EndProject
Global
	GlobalSection(SolutionConfigurationPlatforms) = preSolution
		Debug|Any CPU = Debug|Any CPU
		Release|Any CPU = Release|Any CPU
	EndGlobalSection
	GlobalSection(ProjectConfigurationPlatforms) = postSolution
		{03A8BF85-5D85-4327-B2B7-7404124E67A0}.Debug|Any CPU.ActiveCfg = Debug|Any CPU
		{03A8BF85-5D85-4327-B2B7-7404124E67A0}.Debug|Any CPU.Build.0 = Debug|Any CPU
		{03A8BF85-5D85-4327-B2B7-7404124E67A0}.Release|Any CPU.ActiveCfg = Release|Any CPU
		{03A8BF85-5D85-4327-B2B7-7404124E67A0}.Release|Any CPU.Build.0 = Release|Any CPU
	EndGlobalSection
EndGlobal
